
Microsoft Visual Studio Solution File, Format Version 12.00
# Visual Studio Version 16
VisualStudioVersion = 16.0.30907.101
MinimumVisualStudioVersion = 10.0.40219.1
Project("{FAE04EC0-301F-11D3-BF4B-00C04F79EFBC}") = "HW.01.Image", "HW.01.Image.csproj", "{619326BA-E69D-4FBF-A54D-CC3FB05D4B06}"
EndProject
Project("{FAE04EC0-301F-11D3-BF4B-00C04F79EFBC}") = "HW.02.Casting", "..\HW.02.Casting\HW.02.Casting.csproj", "{945543E6-9E79-4C38-95EA-ABAD36414EF3}"
EndProject
Project("{FAE04EC0-301F-11D3-BF4B-00C04F79EFBC}") = "HW.03.Types", "..\HW.03.Types\HW.03.Types.csproj", "{76D093CE-9886-44D4-8123-689A582B7F2E}"
EndProject
Project("{FAE04EC0-301F-11D3-BF4B-00C04F79EFBC}") = "HW.04.Quadratic.Formula", "..\HW.04.Quadratic.Formula\HW.04.Quadratic.Formula.csproj", "{9E87776C-AF40-4557-A542-E652134BBD69}"
EndProject
Global
	GlobalSection(SolutionConfigurationPlatforms) = preSolution
		Debug|Any CPU = Debug|Any CPU
		Release|Any CPU = Release|Any CPU
	EndGlobalSection
	GlobalSection(ProjectConfigurationPlatforms) = postSolution
		{619326BA-E69D-4FBF-A54D-CC3FB05D4B06}.Debug|Any CPU.ActiveCfg = Debug|Any CPU
		{619326BA-E69D-4FBF-A54D-CC3FB05D4B06}.Debug|Any CPU.Build.0 = Debug|Any CPU
		{619326BA-E69D-4FBF-A54D-CC3FB05D4B06}.Release|Any CPU.ActiveCfg = Release|Any CPU
		{619326BA-E69D-4FBF-A54D-CC3FB05D4B06}.Release|Any CPU.Build.0 = Release|Any CPU
		{945543E6-9E79-4C38-95EA-ABAD36414EF3}.Debug|Any CPU.ActiveCfg = Debug|Any CPU
		{945543E6-9E79-4C38-95EA-ABAD36414EF3}.Debug|Any CPU.Build.0 = Debug|Any CPU
		{945543E6-9E79-4C38-95EA-ABAD36414EF3}.Release|Any CPU.ActiveCfg = Release|Any CPU
		{945543E6-9E79-4C38-95EA-ABAD36414EF3}.Release|Any CPU.Build.0 = Release|Any CPU
		{76D093CE-9886-44D4-8123-689A582B7F2E}.Debug|Any CPU.ActiveCfg = Debug|Any CPU
		{76D093CE-9886-44D4-8123-689A582B7F2E}.Debug|Any CPU.Build.0 = Debug|Any CPU
		{76D093CE-9886-44D4-8123-689A582B7F2E}.Release|Any CPU.ActiveCfg = Release|Any CPU
		{76D093CE-9886-44D4-8123-689A582B7F2E}.Release|Any CPU.Build.0 = Release|Any CPU
		{9E87776C-AF40-4557-A542-E652134BBD69}.Debug|Any CPU.ActiveCfg = Debug|Any CPU
		{9E87776C-AF40-4557-A542-E652134BBD69}.Debug|Any CPU.Build.0 = Debug|Any CPU
		{9E87776C-AF40-4557-A542-E652134BBD69}.Release|Any CPU.ActiveCfg = Release|Any CPU
		{9E87776C-AF40-4557-A542-E652134BBD69}.Release|Any CPU.Build.0 = Release|Any CPU
	EndGlobalSection
	GlobalSection(SolutionProperties) = preSolution
		HideSolutionNode = FALSE
	EndGlobalSection
	GlobalSection(ExtensibilityGlobals) = postSolution
		SolutionGuid = {3928ED04-D23C-4ED1-8174-CC9D6AF39453}
	EndGlobalSection
EndGlobal
