
Microsoft Visual Studio Solution File, Format Version 12.00
# Visual Studio Version 16
VisualStudioVersion = 16.0.30907.101
MinimumVisualStudioVersion = 10.0.40219.1
Project("{FAE04EC0-301F-11D3-BF4B-00C04F79EFBC}") = "HW03.Operators", "HW.01.Calc\HW03.Operators.csproj", "{8E383AAB-449E-4FEE-B7CE-731155511F6C}"
EndProject
Project("{FAE04EC0-301F-11D3-BF4B-00C04F79EFBC}") = "HW03.Alphabet", "HW03.Alphabet\HW03.Alphabet.csproj", "{FE555D55-94FA-44B6-8E4C-7034B3C2CEB2}"
EndProject
Global
	GlobalSection(SolutionConfigurationPlatforms) = preSolution
		Debug|Any CPU = Debug|Any CPU
		Release|Any CPU = Release|Any CPU
	EndGlobalSection
	GlobalSection(ProjectConfigurationPlatforms) = postSolution
		{8E383AAB-449E-4FEE-B7CE-731155511F6C}.Debug|Any CPU.ActiveCfg = Debug|Any CPU
		{8E383AAB-449E-4FEE-B7CE-731155511F6C}.Debug|Any CPU.Build.0 = Debug|Any CPU
		{8E383AAB-449E-4FEE-B7CE-731155511F6C}.Release|Any CPU.ActiveCfg = Release|Any CPU
		{8E383AAB-449E-4FEE-B7CE-731155511F6C}.Release|Any CPU.Build.0 = Release|Any CPU
		{FE555D55-94FA-44B6-8E4C-7034B3C2CEB2}.Debug|Any CPU.ActiveCfg = Debug|Any CPU
		{FE555D55-94FA-44B6-8E4C-7034B3C2CEB2}.Debug|Any CPU.Build.0 = Debug|Any CPU
		{FE555D55-94FA-44B6-8E4C-7034B3C2CEB2}.Release|Any CPU.ActiveCfg = Release|Any CPU
		{FE555D55-94FA-44B6-8E4C-7034B3C2CEB2}.Release|Any CPU.Build.0 = Release|Any CPU
	EndGlobalSection
	GlobalSection(SolutionProperties) = preSolution
		HideSolutionNode = FALSE
	EndGlobalSection
	GlobalSection(ExtensibilityGlobals) = postSolution
		SolutionGuid = {4CDE8424-7675-4DCD-AD72-47A54C842E71}
	EndGlobalSection
EndGlobal
